{
  "name": "portl",
  "version": "1.0.0",
  "lockfileVersion": 2,
  "requires": true,
  "packages": {
    "": {
      "name": "portl",
      "version": "1.0.0",
      "license": "ISC",
      "devDependencies": {
        "kind-lang": "^1.0.119"
      }
    },
    "node_modules/formcore-js": {
      "version": "0.1.95",
      "resolved": "https://registry.npmjs.org/formcore-js/-/formcore-js-0.1.95.tgz",
      "integrity": "sha512-6HqawzYO+X/bPGcXuMS8jyhuN2m+J4v9vnqp12QFRCZbGRCaNW5soAc4Md8KO9e5FwK1bRXGVvKHEDgOPDI6Xw==",
      "dev": true,
      "bin": {
        "fmc": "main.js"
      }
    },
    "node_modules/kind-lang": {
      "version": "1.0.119",
      "resolved": "https://registry.npmjs.org/kind-lang/-/kind-lang-1.0.119.tgz",
      "integrity": "sha512-7aVuTx4p9jUE7hieC7CaMAQYT1I1XPcg/0Gwh6VOrvEAsquELPhEshJUXaO+2mRdJtf4trrBVwXnF/K5fvvlWQ==",
      "dev": true,
      "dependencies": {
        "formcore-js": "^0.1.95"
      },
      "bin": {
        "kind": "src/main.js"
      }
    }
  },
  "dependencies": {
    "formcore-js": {
      "version": "0.1.95",
      "resolved": "https://registry.npmjs.org/formcore-js/-/formcore-js-0.1.95.tgz",
      "integrity": "sha512-6HqawzYO+X/bPGcXuMS8jyhuN2m+J4v9vnqp12QFRCZbGRCaNW5soAc4Md8KO9e5FwK1bRXGVvKHEDgOPDI6Xw==",
      "dev": true
    },
    "kind-lang": {
      "version": "1.0.119",
      "resolved": "https://registry.npmjs.org/kind-lang/-/kind-lang-1.0.119.tgz",
      "integrity": "sha512-7aVuTx4p9jUE7hieC7CaMAQYT1I1XPcg/0Gwh6VOrvEAsquELPhEshJUXaO+2mRdJtf4trrBVwXnF/K5fvvlWQ==",
      "dev": true,
      "requires": {
        "formcore-js": "^0.1.95"
      }
    }
  }
}
